
Microsoft Visual Studio Solution File, Format Version 12.00
# Visual Studio Version 17
VisualStudioVersion = 17.5.33424.131
MinimumVisualStudioVersion = 10.0.40219.1
Project("{FAE04EC0-301F-11D3-BF4B-00C04F79EFBC}") = "Server", "Server\Server.csproj", "{2CC9CBFA-D1C9-4741-AEFD-0EE645A4541D}"
EndProject
Project("{FAE04EC0-301F-11D3-BF4B-00C04F79EFBC}") = "Client", "Client\Client.csproj", "{A938703B-10BA-4316-B2A4-FA4101305001}"
EndProject
Project("{FAE04EC0-301F-11D3-BF4B-00C04F79EFBC}") = "ClientLib", "ClientLib\ClientLib.csproj", "{0314CADF-B3D0-4C08-B0FB-B9CD3EED757E}"
EndProject
Global
	GlobalSection(SolutionConfigurationPlatforms) = preSolution
		Debug|Any CPU = Debug|Any CPU
		Release|Any CPU = Release|Any CPU
	EndGlobalSection
	GlobalSection(ProjectConfigurationPlatforms) = postSolution
		{2CC9CBFA-D1C9-4741-AEFD-0EE645A4541D}.Debug|Any CPU.ActiveCfg = Debug|Any CPU
		{2CC9CBFA-D1C9-4741-AEFD-0EE645A4541D}.Debug|Any CPU.Build.0 = Debug|Any CPU
		{2CC9CBFA-D1C9-4741-AEFD-0EE645A4541D}.Release|Any CPU.ActiveCfg = Release|Any CPU
		{2CC9CBFA-D1C9-4741-AEFD-0EE645A4541D}.Release|Any CPU.Build.0 = Release|Any CPU
		{A938703B-10BA-4316-B2A4-FA4101305001}.Debug|Any CPU.ActiveCfg = Debug|Any CPU
		{A938703B-10BA-4316-B2A4-FA4101305001}.Debug|Any CPU.Build.0 = Debug|Any CPU
		{A938703B-10BA-4316-B2A4-FA4101305001}.Release|Any CPU.ActiveCfg = Release|Any CPU
		{A938703B-10BA-4316-B2A4-FA4101305001}.Release|Any CPU.Build.0 = Release|Any CPU
		{0314CADF-B3D0-4C08-B0FB-B9CD3EED757E}.Debug|Any CPU.ActiveCfg = Debug|Any CPU
		{0314CADF-B3D0-4C08-B0FB-B9CD3EED757E}.Debug|Any CPU.Build.0 = Debug|Any CPU
		{0314CADF-B3D0-4C08-B0FB-B9CD3EED757E}.Release|Any CPU.ActiveCfg = Release|Any CPU
		{0314CADF-B3D0-4C08-B0FB-B9CD3EED757E}.Release|Any CPU.Build.0 = Release|Any CPU
	EndGlobalSection
	GlobalSection(SolutionProperties) = preSolution
		HideSolutionNode = FALSE
	EndGlobalSection
	GlobalSection(ExtensibilityGlobals) = postSolution
		SolutionGuid = {9536B165-62F7-4E9E-96FF-9F9D9B4D1264}
	EndGlobalSection
EndGlobal
